
Microsoft Visual Studio Solution File, Format Version 12.00
# Visual Studio Version 17
VisualStudioVersion = 17.5.33502.453
MinimumVisualStudioVersion = 10.0.40219.1
Project("{FAE04EC0-301F-11D3-BF4B-00C04F79EFBC}") = "WPFControls", "WPFControls\WPFControls.csproj", "{D6E1D416-D133-47CD-8406-6FBF549E65CA}"
EndProject
Project("{FAE04EC0-301F-11D3-BF4B-00C04F79EFBC}") = "ObserverCollection", "ObserverCollection\ObserverCollection.csproj", "{FC777F68-D6A5-45CD-8450-74DD6BFC2694}"
EndProject
Project("{FAE04EC0-301F-11D3-BF4B-00C04F79EFBC}") = "StockWatcher", "StockWatcher\StockWatcher.csproj", "{C0FC0610-B148-4B93-8AEA-1784AB23BEE1}"
EndProject
Project("{FAE04EC0-301F-11D3-BF4B-00C04F79EFBC}") = "WpfDataBinding", "WpfDataBinding\WpfDataBinding.csproj", "{1707FB4A-A465-4523-9F59-2E59FD768667}"
EndProject
Project("{FAE04EC0-301F-11D3-BF4B-00C04F79EFBC}") = "WpfListboxUpdate", "WpfListboxUpdate\WpfListboxUpdate.csproj", "{7E82C5DC-9168-497C-9BA5-98EA4F8939D4}"
EndProject
Global
	GlobalSection(SolutionConfigurationPlatforms) = preSolution
		Debug|Any CPU = Debug|Any CPU
		Release|Any CPU = Release|Any CPU
	EndGlobalSection
	GlobalSection(ProjectConfigurationPlatforms) = postSolution
		{D6E1D416-D133-47CD-8406-6FBF549E65CA}.Debug|Any CPU.ActiveCfg = Debug|Any CPU
		{D6E1D416-D133-47CD-8406-6FBF549E65CA}.Debug|Any CPU.Build.0 = Debug|Any CPU
		{D6E1D416-D133-47CD-8406-6FBF549E65CA}.Release|Any CPU.ActiveCfg = Release|Any CPU
		{D6E1D416-D133-47CD-8406-6FBF549E65CA}.Release|Any CPU.Build.0 = Release|Any CPU
		{FC777F68-D6A5-45CD-8450-74DD6BFC2694}.Debug|Any CPU.ActiveCfg = Debug|Any CPU
		{FC777F68-D6A5-45CD-8450-74DD6BFC2694}.Debug|Any CPU.Build.0 = Debug|Any CPU
		{FC777F68-D6A5-45CD-8450-74DD6BFC2694}.Release|Any CPU.ActiveCfg = Release|Any CPU
		{FC777F68-D6A5-45CD-8450-74DD6BFC2694}.Release|Any CPU.Build.0 = Release|Any CPU
		{C0FC0610-B148-4B93-8AEA-1784AB23BEE1}.Debug|Any CPU.ActiveCfg = Debug|Any CPU
		{C0FC0610-B148-4B93-8AEA-1784AB23BEE1}.Debug|Any CPU.Build.0 = Debug|Any CPU
		{C0FC0610-B148-4B93-8AEA-1784AB23BEE1}.Release|Any CPU.ActiveCfg = Release|Any CPU
		{C0FC0610-B148-4B93-8AEA-1784AB23BEE1}.Release|Any CPU.Build.0 = Release|Any CPU
		{1707FB4A-A465-4523-9F59-2E59FD768667}.Debug|Any CPU.ActiveCfg = Debug|Any CPU
		{1707FB4A-A465-4523-9F59-2E59FD768667}.Debug|Any CPU.Build.0 = Debug|Any CPU
		{1707FB4A-A465-4523-9F59-2E59FD768667}.Release|Any CPU.ActiveCfg = Release|Any CPU
		{1707FB4A-A465-4523-9F59-2E59FD768667}.Release|Any CPU.Build.0 = Release|Any CPU
		{7E82C5DC-9168-497C-9BA5-98EA4F8939D4}.Debug|Any CPU.ActiveCfg = Debug|Any CPU
		{7E82C5DC-9168-497C-9BA5-98EA4F8939D4}.Debug|Any CPU.Build.0 = Debug|Any CPU
		{7E82C5DC-9168-497C-9BA5-98EA4F8939D4}.Release|Any CPU.ActiveCfg = Release|Any CPU
		{7E82C5DC-9168-497C-9BA5-98EA4F8939D4}.Release|Any CPU.Build.0 = Release|Any CPU
	EndGlobalSection
	GlobalSection(SolutionProperties) = preSolution
		HideSolutionNode = FALSE
	EndGlobalSection
	GlobalSection(ExtensibilityGlobals) = postSolution
		SolutionGuid = {4E5A0B2B-9482-4B43-95A1-56CF91C27314}
	EndGlobalSection
EndGlobal
